
Microsoft Visual Studio Solution File, Format Version 12.00
# Visual Studio Version 17
VisualStudioVersion = 17.9.34607.119
MinimumVisualStudioVersion = 10.0.40219.1
Project("{FAE04EC0-301F-11D3-BF4B-00C04F79EFBC}") = "SyncClient", "SyncClient.csproj", "{CEF19650-66B7-423A-987C-204E3786BD86}"
EndProject
Global
	GlobalSection(SolutionConfigurationPlatforms) = preSolution
		Debug|Any CPU = Debug|Any CPU
		Release|Any CPU = Release|Any CPU
	EndGlobalSection
	GlobalSection(ProjectConfigurationPlatforms) = postSolution
		{CEF19650-66B7-423A-987C-204E3786BD86}.Debug|Any CPU.ActiveCfg = Debug|Any CPU
		{CEF19650-66B7-423A-987C-204E3786BD86}.Debug|Any CPU.Build.0 = Debug|Any CPU
		{CEF19650-66B7-423A-987C-204E3786BD86}.Release|Any CPU.ActiveCfg = Release|Any CPU
		{CEF19650-66B7-423A-987C-204E3786BD86}.Release|Any CPU.Build.0 = Release|Any CPU
	EndGlobalSection
	GlobalSection(SolutionProperties) = preSolution
		HideSolutionNode = FALSE
	EndGlobalSection
	GlobalSection(ExtensibilityGlobals) = postSolution
		SolutionGuid = {7C0C94F2-260D-4578-887B-C5CA955BEB81}
	EndGlobalSection
EndGlobal
